// !$*UTF8*$!
{
	archiveVersion = 1;
	classes = {
	};
	objectVersion = 55;
	objects = {

/* Begin PBXBuildFile section */
		66750A6D2783ABCB00C373EB /* AppDelegate.swift in Sources */ = {isa = PBXBuildFile; fileRef = 66750A6C2783ABCB00C373EB /* AppDelegate.swift */; };
		66750A6F2783ABCB00C373EB /* SceneDelegate.swift in Sources */ = {isa = PBXBuildFile; fileRef = 66750A6E2783ABCB00C373EB /* SceneDelegate.swift */; };
		66750A742783ABCB00C373EB /* Main.storyboard in Resources */ = {isa = PBXBuildFile; fileRef = 66750A722783ABCB00C373EB /* Main.storyboard */; };
		66750A762783ABCB00C373EB /* Assets.xcassets in Resources */ = {isa = PBXBuildFile; fileRef = 66750A752783ABCB00C373EB /* Assets.xcassets */; };
		66750A792783ABCB00C373EB /* LaunchScreen.storyboard in Resources */ = {isa = PBXBuildFile; fileRef = 66750A772783ABCB00C373EB /* LaunchScreen.storyboard */; };
		66750A842783ABCC00C373EB /* parstagramTests.swift in Sources */ = {isa = PBXBuildFile; fileRef = 66750A832783ABCC00C373EB /* parstagramTests.swift */; };
		66750A8E2783ABCC00C373EB /* parstagramUITests.swift in Sources */ = {isa = PBXBuildFile; fileRef = 66750A8D2783ABCC00C373EB /* parstagramUITests.swift */; };
		66750A902783ABCC00C373EB /* parstagramUITestsLaunchTests.swift in Sources */ = {isa = PBXBuildFile; fileRef = 66750A8F2783ABCC00C373EB /* parstagramUITestsLaunchTests.swift */; };
		66750A9D2783B17F00C373EB /* LoginViewController.swift in Sources */ = {isa = PBXBuildFile; fileRef = 66750A9C2783B17F00C373EB /* LoginViewController.swift */; };
		66750A9F2783B1B500C373EB /* FeedViewController.swift in Sources */ = {isa = PBXBuildFile; fileRef = 66750A9E2783B1B500C373EB /* FeedViewController.swift */; };
		66750AA12786466300C373EB /* CameraViewController.swift in Sources */ = {isa = PBXBuildFile; fileRef = 66750AA02786466200C373EB /* CameraViewController.swift */; };
		66750AA3278662A200C373EB /* PostCell.swift in Sources */ = {isa = PBXBuildFile; fileRef = 66750AA2278662A200C373EB /* PostCell.swift */; };
		66E520C92792485700069A09 /* CommentCell.swift in Sources */ = {isa = PBXBuildFile; fileRef = 66E520C82792485700069A09 /* CommentCell.swift */; };
		9629D88AD2210746966980D6 /* Pods_parstagramTests.framework in Frameworks */ = {isa = PBXBuildFile; fileRef = 51E65A7E6C849CF0EE7CD0D3 /* Pods_parstagramTests.framework */; };
		9D1A68B3700DC3BD1D70DB06 /* Pods_parstagram.framework in Frameworks */ = {isa = PBXBuildFile; fileRef = 00C6735C7AEA467E3C1B6B6B /* Pods_parstagram.framework */; };
		AFC94904D1E291D465B46236 /* Pods_parstagram_parstagramUITests.framework in Frameworks */ = {isa = PBXBuildFile; fileRef = A5F7B0EB66A64C51AE0ECF76 /* Pods_parstagram_parstagramUITests.framework */; };
/* End PBXBuildFile section */

/* Begin PBXContainerItemProxy section */
		66750A802783ABCC00C373EB /* PBXContainerItemProxy */ = {
			isa = PBXContainerItemProxy;
			containerPortal = 66750A612783ABCB00C373EB /* Project object */;
			proxyType = 1;
			remoteGlobalIDString = 66750A682783ABCB00C373EB;
			remoteInfo = parstagram;
		};
		66750A8A2783ABCC00C373EB /* PBXContainerItemProxy */ = {
			isa = PBXContainerItemProxy;
			containerPortal = 66750A612783ABCB00C373EB /* Project object */;
			proxyType = 1;
			remoteGlobalIDString = 66750A682783ABCB00C373EB;
			remoteInfo = parstagram;
		};
/* End PBXContainerItemProxy section */

/* Begin PBXFileReference section */
		00C6735C7AEA467E3C1B6B6B /* Pods_parstagram.framework */ = {isa = PBXFileReference; explicitFileType = wrapper.framework; includeInIndex = 0; path = Pods_parstagram.framework; sourceTree = BUILT_PRODUCTS_DIR; };
		3324C4521413B336823AF700 /* Pods-parstagram-parstagramUITests.debug.xcconfig */ = {isa = PBXFileReference; includeInIndex = 1; lastKnownFileType = text.xcconfig; name = "Pods-parstagram-parstagramUITests.debug.xcconfig"; path = "Target Support Files/Pods-parstagram-parstagramUITests/Pods-parstagram-parstagramUITests.debug.xcconfig"; sourceTree = "<group>"; };
		51E65A7E6C849CF0EE7CD0D3 /* Pods_parstagramTests.framework */ = {isa = PBXFileReference; explicitFileType = wrapper.framework; includeInIndex = 0; path = Pods_parstagramTests.framework; sourceTree = BUILT_PRODUCTS_DIR; };
		66750A692783ABCB00C373EB /* parstagram.app */ = {isa = PBXFileReference; explicitFileType = wrapper.application; includeInIndex = 0; path = parstagram.app; sourceTree = BUILT_PRODUCTS_DIR; };
		66750A6C2783ABCB00C373EB /* AppDelegate.swift */ = {isa = PBXFileReference; lastKnownFileType = sourcecode.swift; path = AppDelegate.swift; sourceTree = "<group>"; };
		66750A6E2783ABCB00C373EB /* SceneDelegate.swift */ = {isa = PBXFileReference; lastKnownFileType = sourcecode.swift; path = SceneDelegate.swift; sourceTree = "<group>"; };
		66750A732783ABCB00C373EB /* Base */ = {isa = PBXFileReference; lastKnownFileType = file.storyboard; name = Base; path = Base.lproj/Main.storyboard; sourceTree = "<group>"; };
		66750A752783ABCB00C373EB /* Assets.xcassets */ = {isa = PBXFileReference; lastKnownFileType = folder.assetcatalog; path = Assets.xcassets; sourceTree = "<group>"; };
		66750A782783ABCB00C373EB /* Base */ = {isa = PBXFileReference; lastKnownFileType = file.storyboard; name = Base; path = Base.lproj/LaunchScreen.storyboard; sourceTree = "<group>"; };
		66750A7A2783ABCB00C373EB /* Info.plist */ = {isa = PBXFileReference; lastKnownFileType = text.plist.xml; path = Info.plist; sourceTree = "<group>"; };
		66750A7F2783ABCC00C373EB /* parstagramTests.xctest */ = {isa = PBXFileReference; explicitFileType = wrapper.cfbundle; includeInIndex = 0; path = parstagramTests.xctest; sourceTree = BUILT_PRODUCTS_DIR; };
		66750A832783ABCC00C373EB /* parstagramTests.swift */ = {isa = PBXFileReference; lastKnownFileType = sourcecode.swift; path = parstagramTests.swift; sourceTree = "<group>"; };
		66750A892783ABCC00C373EB /* parstagramUITests.xctest */ = {isa = PBXFileReference; explicitFileType = wrapper.cfbundle; includeInIndex = 0; path = parstagramUITests.xctest; sourceTree = BUILT_PRODUCTS_DIR; };
		66750A8D2783ABCC00C373EB /* parstagramUITests.swift */ = {isa = PBXFileReference; lastKnownFileType = sourcecode.swift; path = parstagramUITests.swift; sourceTree = "<group>"; };
		66750A8F2783ABCC00C373EB /* parstagramUITestsLaunchTests.swift */ = {isa = PBXFileReference; lastKnownFileType = sourcecode.swift; path = parstagramUITestsLaunchTests.swift; sourceTree = "<group>"; };
		66750A9C2783B17F00C373EB /* LoginViewController.swift */ = {isa = PBXFileReference; lastKnownFileType = sourcecode.swift; path = LoginViewController.swift; sourceTree = "<group>"; };
		66750A9E2783B1B500C373EB /* FeedViewController.swift */ = {isa = PBXFileReference; lastKnownFileType = sourcecode.swift; path = FeedViewController.swift; sourceTree = "<group>"; };
		66750AA02786466200C373EB /* CameraViewController.swift */ = {isa = PBXFileReference; lastKnownFileType = sourcecode.swift; path = CameraViewController.swift; sourceTree = "<group>"; };
		66750AA2278662A200C373EB /* PostCell.swift */ = {isa = PBXFileReference; lastKnownFileType = sourcecode.swift; path = PostCell.swift; sourceTree = "<group>"; };
		66E520C82792485700069A09 /* CommentCell.swift */ = {isa = PBXFileReference; lastKnownFileType = sourcecode.swift; path = CommentCell.swift; sourceTree = "<group>"; };
		9684DCAD33D7FF6BFF59EC77 /* Pods-parstagramTests.debug.xcconfig */ = {isa = PBXFileReference; includeInIndex = 1; lastKnownFileType = text.xcconfig; name = "Pods-parstagramTests.debug.xcconfig"; path = "Target Support Files/Pods-parstagramTests/Pods-parstagramTests.debug.xcconfig"; sourceTree = "<group>"; };
		A5F7B0EB66A64C51AE0ECF76 /* Pods_parstagram_parstagramUITests.framework */ = {isa = PBXFileReference; explicitFileType = wrapper.framework; includeInIndex = 0; path = Pods_parstagram_parstagramUITests.framework; sourceTree = BUILT_PRODUCTS_DIR; };
		B58F57CACA3C89301B52503A /* Pods-parstagram.release.xcconfig */ = {isa = PBXFileReference; includeInIndex = 1; lastKnownFileType = text.xcconfig; name = "Pods-parstagram.release.xcconfig"; path = "Target Support Files/Pods-parstagram/Pods-parstagram.release.xcconfig"; sourceTree = "<group>"; };
		B768C6D3DAC4905DBD97AF6D /* Pods-parstagram-parstagramUITests.release.xcconfig */ = {isa = PBXFileReference; includeInIndex = 1; lastKnownFileType = text.xcconfig; name = "Pods-parstagram-parstagramUITests.release.xcconfig"; path = "Target Support Files/Pods-parstagram-parstagramUITests/Pods-parstagram-parstagramUITests.release.xcconfig"; sourceTree = "<group>"; };
		DECEF0615DA3627E0B17704B /* Pods-parstagramTests.release.xcconfig */ = {isa = PBXFileReference; includeInIndex = 1; lastKnownFileType = text.xcconfig; name = "Pods-parstagramTests.release.xcconfig"; path = "Target Support Files/Pods-parstagramTests/Pods-parstagramTests.release.xcconfig"; sourceTree = "<group>"; };
		F29E216BD4A4CEBDFC3BC3B7 /* Pods-parstagram.debug.xcconfig */ = {isa = PBXFileReference; includeInIndex = 1; lastKnownFileType = text.xcconfig; name = "Pods-parstagram.debug.xcconfig"; path = "Target Support Files/Pods-parstagram/Pods-parstagram.debug.xcconfig"; sourceTree = "<group>"; };
/* End PBXFileReference section */

/* Begin PBXFrameworksBuildPhase section */
		66750A662783ABCB00C373EB /* Frameworks */ = {
			isa = PBXFrameworksBuildPhase;
			buildActionMask = 2147483647;
			files = (
				9D1A68B3700DC3BD1D70DB06 /* Pods_parstagram.framework in Frameworks */,
			);
			runOnlyForDeploymentPostprocessing = 0;
		};
		66750A7C2783ABCC00C373EB /* Frameworks */ = {
			isa = PBXFrameworksBuildPhase;
			buildActionMask = 2147483647;
			files = (
				9629D88AD2210746966980D6 /* Pods_parstagramTests.framework in Frameworks */,
			);
			runOnlyForDeploymentPostprocessing = 0;
		};
		66750A862783ABCC00C373EB /* Frameworks */ = {
			isa = PBXFrameworksBuildPhase;
			buildActionMask = 2147483647;
			files = (
				AFC94904D1E291D465B46236 /* Pods_parstagram_parstagramUITests.framework in Frameworks */,
			);
			runOnlyForDeploymentPostprocessing = 0;
		};
/* End PBXFrameworksBuildPhase section */

/* Begin PBXGroup section */
		66750A602783ABCB00C373EB = {
			isa = PBXGroup;
			children = (
				66750A6B2783ABCB00C373EB /* parstagram */,
				66750A822783ABCC00C373EB /* parstagramTests */,
				66750A8C2783ABCC00C373EB /* parstagramUITests */,
				66750A6A2783ABCB00C373EB /* Products */,
				956F4615D3D015629E0BFE16 /* Pods */,
				BCA21DE0DD4AA987D8DCC32E /* Frameworks */,
			);
			sourceTree = "<group>";
		};
		66750A6A2783ABCB00C373EB /* Products */ = {
			isa = PBXGroup;
			children = (
				66750A692783ABCB00C373EB /* parstagram.app */,
				66750A7F2783ABCC00C373EB /* parstagramTests.xctest */,
				66750A892783ABCC00C373EB /* parstagramUITests.xctest */,
			);
			name = Products;
			sourceTree = "<group>";
		};
		66750A6B2783ABCB00C373EB /* parstagram */ = {
			isa = PBXGroup;
			children = (
				66750A6C2783ABCB00C373EB /* AppDelegate.swift */,
				66750A6E2783ABCB00C373EB /* SceneDelegate.swift */,
				66750A722783ABCB00C373EB /* Main.storyboard */,
				66750A752783ABCB00C373EB /* Assets.xcassets */,
				66750A772783ABCB00C373EB /* LaunchScreen.storyboard */,
				66750A7A2783ABCB00C373EB /* Info.plist */,
				66750A9C2783B17F00C373EB /* LoginViewController.swift */,
				66750A9E2783B1B500C373EB /* FeedViewController.swift */,
				66750AA02786466200C373EB /* CameraViewController.swift */,
				66750AA2278662A200C373EB /* PostCell.swift */,
				66E520C82792485700069A09 /* CommentCell.swift */,
			);
			path = parstagram;
			sourceTree = "<group>";
		};
		66750A822783ABCC00C373EB /* parstagramTests */ = {
			isa = PBXGroup;
			children = (
				66750A832783ABCC00C373EB /* parstagramTests.swift */,
			);
			path = parstagramTests;
			sourceTree = "<group>";
		};
		66750A8C2783ABCC00C373EB /* parstagramUITests */ = {
			isa = PBXGroup;
			children = (
				66750A8D2783ABCC00C373EB /* parstagramUITests.swift */,
				66750A8F2783ABCC00C373EB /* parstagramUITestsLaunchTests.swift */,
			);
			path = parstagramUITests;
			sourceTree = "<group>";
		};
		956F4615D3D015629E0BFE16 /* Pods */ = {
			isa = PBXGroup;
			children = (
				F29E216BD4A4CEBDFC3BC3B7 /* Pods-parstagram.debug.xcconfig */,
				B58F57CACA3C89301B52503A /* Pods-parstagram.release.xcconfig */,
				3324C4521413B336823AF700 /* Pods-parstagram-parstagramUITests.debug.xcconfig */,
				B768C6D3DAC4905DBD97AF6D /* Pods-parstagram-parstagramUITests.release.xcconfig */,
				9684DCAD33D7FF6BFF59EC77 /* Pods-parstagramTests.debug.xcconfig */,
				DECEF0615DA3627E0B17704B /* Pods-parstagramTests.release.xcconfig */,
			);
			path = Pods;
			sourceTree = "<group>";
		};
		BCA21DE0DD4AA987D8DCC32E /* Frameworks */ = {
			isa = PBXGroup;
			children = (
				00C6735C7AEA467E3C1B6B6B /* Pods_parstagram.framework */,
				A5F7B0EB66A64C51AE0ECF76 /* Pods_parstagram_parstagramUITests.framework */,
				51E65A7E6C849CF0EE7CD0D3 /* Pods_parstagramTests.framework */,
			);
			name = Frameworks;
			sourceTree = "<group>";
		};
/* End PBXGroup section */

/* Begin PBXNativeTarget section */
		66750A682783ABCB00C373EB /* parstagram */ = {
			isa = PBXNativeTarget;
			buildConfigurationList = 66750A932783ABCC00C373EB /* Build configuration list for PBXNativeTarget "parstagram" */;
			buildPhases = (
				BFF1086606D130B8B3C88E44 /* [CP] Check Pods Manifest.lock */,
				66750A652783ABCB00C373EB /* Sources */,
				66750A662783ABCB00C373EB /* Frameworks */,
				66750A672783ABCB00C373EB /* Resources */,
				FBC1D8FD94190FC9C2C19530 /* [CP] Embed Pods Frameworks */,
			);
			buildRules = (
			);
			dependencies = (
			);
			name = parstagram;
			productName = parstagram;
			productReference = 66750A692783ABCB00C373EB /* parstagram.app */;
			productType = "com.apple.product-type.application";
		};
		66750A7E2783ABCC00C373EB /* parstagramTests */ = {
			isa = PBXNativeTarget;
			buildConfigurationList = 66750A962783ABCC00C373EB /* Build configuration list for PBXNativeTarget "parstagramTests" */;
			buildPhases = (
				643D476FF02E935658AF9C0B /* [CP] Check Pods Manifest.lock */,
				66750A7B2783ABCC00C373EB /* Sources */,
				66750A7C2783ABCC00C373EB /* Frameworks */,
				66750A7D2783ABCC00C373EB /* Resources */,
			);
			buildRules = (
			);
			dependencies = (
				66750A812783ABCC00C373EB /* PBXTargetDependency */,
			);
			name = parstagramTests;
			productName = parstagramTests;
			productReference = 66750A7F2783ABCC00C373EB /* parstagramTests.xctest */;
			productType = "com.apple.product-type.bundle.unit-test";
		};
		66750A882783ABCC00C373EB /* parstagramUITests */ = {
			isa = PBXNativeTarget;
			buildConfigurationList = 66750A992783ABCC00C373EB /* Build configuration list for PBXNativeTarget "parstagramUITests" */;
			buildPhases = (
				75A43B22F6D1C945B0441DBF /* [CP] Check Pods Manifest.lock */,
				66750A852783ABCC00C373EB /* Sources */,
				66750A862783ABCC00C373EB /* Frameworks */,
				66750A872783ABCC00C373EB /* Resources */,
				CFC2CAE3AD52E2DC82A04F5E /* [CP] Embed Pods Frameworks */,
			);
			buildRules = (
			);
			dependencies = (
				66750A8B2783ABCC00C373EB /* PBXTargetDependency */,
			);
			name = parstagramUITests;
			productName = parstagramUITests;
			productReference = 66750A892783ABCC00C373EB /* parstagramUITests.xctest */;
			productType = "com.apple.product-type.bundle.ui-testing";
		};
/* End PBXNativeTarget section */

/* Begin PBXProject section */
		66750A612783ABCB00C373EB /* Project object */ = {
			isa = PBXProject;
			attributes = {
				BuildIndependentTargetsInParallel = 1;
				LastSwiftUpdateCheck = 1320;
				LastUpgradeCheck = 1320;
				TargetAttributes = {
					66750A682783ABCB00C373EB = {
						CreatedOnToolsVersion = 13.2.1;
					};
					66750A7E2783ABCC00C373EB = {
						CreatedOnToolsVersion = 13.2.1;
						TestTargetID = 66750A682783ABCB00C373EB;
					};
					66750A882783ABCC00C373EB = {
						CreatedOnToolsVersion = 13.2.1;
						TestTargetID = 66750A682783ABCB00C373EB;
					};
				};
			};
			buildConfigurationList = 66750A642783ABCB00C373EB /* Build configuration list for PBXProject "parstagram" */;
			compatibilityVersion = "Xcode 13.0";
			developmentRegion = en;
			hasScannedForEncodings = 0;
			knownRegions = (
				en,
				Base,
			);
			mainGroup = 66750A602783ABCB00C373EB;
			productRefGroup = 66750A6A2783ABCB00C373EB /* Products */;
			projectDirPath = "";
			projectRoot = "";
			targets = (
				66750A682783ABCB00C373EB /* parstagram */,
				66750A7E2783ABCC00C373EB /* parstagramTests */,
				66750A882783ABCC00C373EB /* parstagramUITests */,
			);
		};
/* End PBXProject section */

/* Begin PBXResourcesBuildPhase section */
		66750A672783ABCB00C373EB /* Resources */ = {
			isa = PBXResourcesBuildPhase;
			buildActionMask = 2147483647;
			files = (
				66750A792783ABCB00C373EB /* LaunchScreen.storyboard in Resources */,
				66750A762783ABCB00C373EB /* Assets.xcassets in Resources */,
				66750A742783ABCB00C373EB /* Main.storyboard in Resources */,
			);
			runOnlyForDeploymentPostprocessing = 0;
		};
		66750A7D2783ABCC00C373EB /* Resources */ = {
			isa = PBXResourcesBuildPhase;
			buildActionMask = 2147483647;
			files = (
			);
			runOnlyForDeploymentPostprocessing = 0;
		};
		66750A872783ABCC00C373EB /* Resources */ = {
			isa = PBXResourcesBuildPhase;
			buildActionMask = 2147483647;
			files = (
			);
			runOnlyForDeploymentPostprocessing = 0;
		};
/* End PBXResourcesBuildPhase section */

/* Begin PBXShellScriptBuildPhase section */
		643D476FF02E935658AF9C0B /* [CP] Check Pods Manifest.lock */ = {
			isa = PBXShellScriptBuildPhase;
			buildActionMask = 2147483647;
			files = (
			);
			inputFileListPaths = (
			);
			inputPaths = (
				"${PODS_PODFILE_DIR_PATH}/Podfile.lock",
				"${PODS_ROOT}/Manifest.lock",
			);
			name = "[CP] Check Pods Manifest.lock";
			outputFileListPaths = (
			);
			outputPaths = (
				"$(DERIVED_FILE_DIR)/Pods-parstagramTests-checkManifestLockResult.txt",
			);
			runOnlyForDeploymentPostprocessing = 0;
			shellPath = /bin/sh;
			shellScript = "diff \"${PODS_PODFILE_DIR_PATH}/Podfile.lock\" \"${PODS_ROOT}/Manifest.lock\" > /dev/null\nif [ $? != 0 ] ; then\n    # print error to STDERR\n    echo \"error: The sandbox is not in sync with the Podfile.lock. Run 'pod install' or update your CocoaPods installation.\" >&2\n    exit 1\nfi\n# This output is used by Xcode 'outputs' to avoid re-running this script phase.\necho \"SUCCESS\" > \"${SCRIPT_OUTPUT_FILE_0}\"\n";
			showEnvVarsInLog = 0;
		};
		75A43B22F6D1C945B0441DBF /* [CP] Check Pods Manifest.lock */ = {
			isa = PBXShellScriptBuildPhase;
			buildActionMask = 2147483647;
			files = (
			);
			inputFileListPaths = (
			);
			inputPaths = (
				"${PODS_PODFILE_DIR_PATH}/Podfile.lock",
				"${PODS_ROOT}/Manifest.lock",
			);
			name = "[CP] Check Pods Manifest.lock";
			outputFileListPaths = (
			);
			outputPaths = (
				"$(DERIVED_FILE_DIR)/Pods-parstagram-parstagramUITests-checkManifestLockResult.txt",
			);
			runOnlyForDeploymentPostprocessing = 0;
			shellPath = /bin/sh;
			shellScript = "diff \"${PODS_PODFILE_DIR_PATH}/Podfile.lock\" \"${PODS_ROOT}/Manifest.lock\" > /dev/null\nif [ $? != 0 ] ; then\n    # print error to STDERR\n    echo \"error: The sandbox is not in sync with the Podfile.lock. Run 'pod install' or update your CocoaPods installation.\" >&2\n    exit 1\nfi\n# This output is used by Xcode 'outputs' to avoid re-running this script phase.\necho \"SUCCESS\" > \"${SCRIPT_OUTPUT_FILE_0}\"\n";
			showEnvVarsInLog = 0;
		};
		BFF1086606D130B8B3C88E44 /* [CP] Check Pods Manifest.lock */ = {
			isa = PBXShellScriptBuildPhase;
			buildActionMask = 2147483647;
			files = (
			);
			inputFileListPaths = (
			);
			inputPaths = (
				"${PODS_PODFILE_DIR_PATH}/Podfile.lock",
				"${PODS_ROOT}/Manifest.lock",
			);
			name = "[CP] Check Pods Manifest.lock";
			outputFileListPaths = (
			);
			outputPaths = (
				"$(DERIVED_FILE_DIR)/Pods-parstagram-checkManifestLockResult.txt",
			);
			runOnlyForDeploymentPostprocessing = 0;
			shellPath = /bin/sh;
			shellScript = "diff \"${PODS_PODFILE_DIR_PATH}/Podfile.lock\" \"${PODS_ROOT}/Manifest.lock\" > /dev/null\nif [ $? != 0 ] ; then\n    # print error to STDERR\n    echo \"error: The sandbox is not in sync with the Podfile.lock. Run 'pod install' or update your CocoaPods installation.\" >&2\n    exit 1\nfi\n# This output is used by Xcode 'outputs' to avoid re-running this script phase.\necho \"SUCCESS\" > \"${SCRIPT_OUTPUT_FILE_0}\"\n";
			showEnvVarsInLog = 0;
		};
		CFC2CAE3AD52E2DC82A04F5E /* [CP] Embed Pods Frameworks */ = {
			isa = PBXShellScriptBuildPhase;
			buildActionMask = 2147483647;
			files = (
			);
			inputFileListPaths = (
				"${PODS_ROOT}/Target Support Files/Pods-parstagram-parstagramUITests/Pods-parstagram-parstagramUITests-frameworks-${CONFIGURATION}-input-files.xcfilelist",
			);
			name = "[CP] Embed Pods Frameworks";
			outputFileListPaths = (
				"${PODS_ROOT}/Target Support Files/Pods-parstagram-parstagramUITests/Pods-parstagram-parstagramUITests-frameworks-${CONFIGURATION}-output-files.xcfilelist",
			);
			runOnlyForDeploymentPostprocessing = 0;
			shellPath = /bin/sh;
			shellScript = "\"${PODS_ROOT}/Target Support Files/Pods-parstagram-parstagramUITests/Pods-parstagram-parstagramUITests-frameworks.sh\"\n";
			showEnvVarsInLog = 0;
		};
		FBC1D8FD94190FC9C2C19530 /* [CP] Embed Pods Frameworks */ = {
			isa = PBXShellScriptBuildPhase;
			buildActionMask = 2147483647;
			files = (
			);
			inputFileListPaths = (
				"${PODS_ROOT}/Target Support Files/Pods-parstagram/Pods-parstagram-frameworks-${CONFIGURATION}-input-files.xcfilelist",
			);
			name = "[CP] Embed Pods Frameworks";
			outputFileListPaths = (
				"${PODS_ROOT}/Target Support Files/Pods-parstagram/Pods-parstagram-frameworks-${CONFIGURATION}-output-files.xcfilelist",
			);
			runOnlyForDeploymentPostprocessing = 0;
			shellPath = /bin/sh;
			shellScript = "\"${PODS_ROOT}/Target Support Files/Pods-parstagram/Pods-parstagram-frameworks.sh\"\n";
			showEnvVarsInLog = 0;
		};
/* End PBXShellScriptBuildPhase section */

/* Begin PBXSourcesBuildPhase section */
		66750A652783ABCB00C373EB /* Sources */ = {
			isa = PBXSourcesBuildPhase;
			buildActionMask = 2147483647;
			files = (
				66750A9D2783B17F00C373EB /* LoginViewController.swift in Sources */,
				66750AA12786466300C373EB /* CameraViewController.swift in Sources */,
				66750A6D2783ABCB00C373EB /* AppDelegate.swift in Sources */,
				66750A9F2783B1B500C373EB /* FeedViewController.swift in Sources */,
				66750A6F2783ABCB00C373EB /* SceneDelegate.swift in Sources */,
				66750AA3278662A200C373EB /* PostCell.swift in Sources */,
				66E520C92792485700069A09 /* CommentCell.swift in Sources */,
			);
			runOnlyForDeploymentPostprocessing = 0;
		};
		66750A7B2783ABCC00C373EB /* Sources */ = {
			isa = PBXSourcesBuildPhase;
			buildActionMask = 2147483647;
			files = (
				66750A842783ABCC00C373EB /* parstagramTests.swift in Sources */,
			);
			runOnlyForDeploymentPostprocessing = 0;
		};
		66750A852783ABCC00C373EB /* Sources */ = {
			isa = PBXSourcesBuildPhase;
			buildActionMask = 2147483647;
			files = (
				66750A902783ABCC00C373EB /* parstagramUITestsLaunchTests.swift in Sources */,
				66750A8E2783ABCC00C373EB /* parstagramUITests.swift in Sources */,
			);
			runOnlyForDeploymentPostprocessing = 0;
		};
/* End PBXSourcesBuildPhase section */

/* Begin PBXTargetDependency section */
		66750A812783ABCC00C373EB /* PBXTargetDependency */ = {
			isa = PBXTargetDependency;
			target = 66750A682783ABCB00C373EB /* parstagram */;
			targetProxy = 66750A802783ABCC00C373EB /* PBXContainerItemProxy */;
		};
		66750A8B2783ABCC00C373EB /* PBXTargetDependency */ = {
			isa = PBXTargetDependency;
			target = 66750A682783ABCB00C373EB /* parstagram */;
			targetProxy = 66750A8A2783ABCC00C373EB /* PBXContainerItemProxy */;
		};
/* End PBXTargetDependency section */

/* Begin PBXVariantGroup section */
		66750A722783ABCB00C373EB /* Main.storyboard */ = {
			isa = PBXVariantGroup;
			children = (
				66750A732783ABCB00C373EB /* Base */,
			);
			name = Main.storyboard;
			sourceTree = "<group>";
		};
		66750A772783ABCB00C373EB /* LaunchScreen.storyboard */ = {
			isa = PBXVariantGroup;
			children = (
				66750A782783ABCB00C373EB /* Base */,
			);
			name = LaunchScreen.storyboard;
			sourceTree = "<group>";
		};
/* End PBXVariantGroup section */

/* Begin XCBuildConfiguration section */
		66750A912783ABCC00C373EB /* Debug */ = {
			isa = XCBuildConfiguration;
			buildSettings = {
				ALWAYS_SEARCH_USER_PATHS = NO;
				CLANG_ANALYZER_NONNULL = YES;
				CLANG_ANALYZER_NUMBER_OBJECT_CONVERSION = YES_AGGRESSIVE;
				CLANG_CXX_LANGUAGE_STANDARD = "gnu++17";
				CLANG_CXX_LIBRARY = "libc++";
				CLANG_ENABLE_MODULES = YES;
				CLANG_ENABLE_OBJC_ARC = YES;
				CLANG_ENABLE_OBJC_WEAK = YES;
				CLANG_WARN_BLOCK_CAPTURE_AUTORELEASING = YES;
				CLANG_WARN_BOOL_CONVERSION = YES;
				CLANG_WARN_COMMA = YES;
				CLANG_WARN_CONSTANT_CONVERSION = YES;
				CLANG_WARN_DEPRECATED_OBJC_IMPLEMENTATIONS = YES;
				CLANG_WARN_DIRECT_OBJC_ISA_USAGE = YES_ERROR;
				CLANG_WARN_DOCUMENTATION_COMMENTS = YES;
				CLANG_WARN_EMPTY_BODY = YES;
				CLANG_WARN_ENUM_CONVERSION = YES;
				CLANG_WARN_INFINITE_RECURSION = YES;
				CLANG_WARN_INT_CONVERSION = YES;
				CLANG_WARN_NON_LITERAL_NULL_CONVERSION = YES;
				CLANG_WARN_OBJC_IMPLICIT_RETAIN_SELF = YES;
				CLANG_WARN_OBJC_LITERAL_CONVERSION = YES;
				CLANG_WARN_OBJC_ROOT_CLASS = YES_ERROR;
				CLANG_WARN_QUOTED_INCLUDE_IN_FRAMEWORK_HEADER = YES;
				CLANG_WARN_RANGE_LOOP_ANALYSIS = YES;
				CLANG_WARN_STRICT_PROTOTYPES = YES;
				CLANG_WARN_SUSPICIOUS_MOVE = YES;
				CLANG_WARN_UNGUARDED_AVAILABILITY = YES_AGGRESSIVE;
				CLANG_WARN_UNREACHABLE_CODE = YES;
				CLANG_WARN__DUPLICATE_METHOD_MATCH = YES;
				COPY_PHASE_STRIP = NO;
				DEBUG_INFORMATION_FORMAT = dwarf;
				ENABLE_STRICT_OBJC_MSGSEND = YES;
				ENABLE_TESTABILITY = YES;
				GCC_C_LANGUAGE_STANDARD = gnu11;
				GCC_DYNAMIC_NO_PIC = NO;
				GCC_NO_COMMON_BLOCKS = YES;
				GCC_OPTIMIZATION_LEVEL = 0;
				GCC_PREPROCESSOR_DEFINITIONS = (
					"DEBUG=1",
					"$(inherited)",
				);
				GCC_WARN_64_TO_32_BIT_CONVERSION = YES;
				GCC_WARN_ABOUT_RETURN_TYPE = YES_ERROR;
				GCC_WARN_UNDECLARED_SELECTOR = YES;
				GCC_WARN_UNINITIALIZED_AUTOS = YES_AGGRESSIVE;
				GCC_WARN_UNUSED_FUNCTION = YES;
				GCC_WARN_UNUSED_VARIABLE = YES;
				IPHONEOS_DEPLOYMENT_TARGET = 15.2;
				MTL_ENABLE_DEBUG_INFO = INCLUDE_SOURCE;
				MTL_FAST_MATH = YES;
				ONLY_ACTIVE_ARCH = YES;
				SDKROOT = iphoneos;
				SWIFT_ACTIVE_COMPILATION_CONDITIONS = DEBUG;
				SWIFT_OPTIMIZATION_LEVEL = "-Onone";
			};
			name = Debug;
		};
		66750A922783ABCC00C373EB /* Release */ = {
			isa = XCBuildConfiguration;
			buildSettings = {
				ALWAYS_SEARCH_USER_PATHS = NO;
				CLANG_ANALYZER_NONNULL = YES;
				CLANG_ANALYZER_NUMBER_OBJECT_CONVERSION = YES_AGGRESSIVE;
				CLANG_CXX_LANGUAGE_STANDARD = "gnu++17";
				CLANG_CXX_LIBRARY = "libc++";
				CLANG_ENABLE_MODULES = YES;
				CLANG_ENABLE_OBJC_ARC = YES;
				CLANG_ENABLE_OBJC_WEAK = YES;
				CLANG_WARN_BLOCK_CAPTURE_AUTORELEASING = YES;
				CLANG_WARN_BOOL_CONVERSION = YES;
				CLANG_WARN_COMMA = YES;
				CLANG_WARN_CONSTANT_CONVERSION = YES;
				CLANG_WARN_DEPRECATED_OBJC_IMPLEMENTATIONS = YES;
				CLANG_WARN_DIRECT_OBJC_ISA_USAGE = YES_ERROR;
				CLANG_WARN_DOCUMENTATION_COMMENTS = YES;
				CLANG_WARN_EMPTY_BODY = YES;
				CLANG_WARN_ENUM_CONVERSION = YES;
				CLANG_WARN_INFINITE_RECURSION = YES;
				CLANG_WARN_INT_CONVERSION = YES;
				CLANG_WARN_NON_LITERAL_NULL_CONVERSION = YES;
				CLANG_WARN_OBJC_IMPLICIT_RETAIN_SELF = YES;
				CLANG_WARN_OBJC_LITERAL_CONVERSION = YES;
				CLANG_WARN_OBJC_ROOT_CLASS = YES_ERROR;
				CLANG_WARN_QUOTED_INCLUDE_IN_FRAMEWORK_HEADER = YES;
				CLANG_WARN_RANGE_LOOP_ANALYSIS = YES;
				CLANG_WARN_STRICT_PROTOTYPES = YES;
				CLANG_WARN_SUSPICIOUS_MOVE = YES;
				CLANG_WARN_UNGUARDED_AVAILABILITY = YES_AGGRESSIVE;
				CLANG_WARN_UNREACHABLE_CODE = YES;
				CLANG_WARN__DUPLICATE_METHOD_MATCH = YES;
				COPY_PHASE_STRIP = NO;
				DEBUG_INFORMATION_FORMAT = "dwarf-with-dsym";
				ENABLE_NS_ASSERTIONS = NO;
				ENABLE_STRICT_OBJC_MSGSEND = YES;
				GCC_C_LANGUAGE_STANDARD = gnu11;
				GCC_NO_COMMON_BLOCKS = YES;
				GCC_WARN_64_TO_32_BIT_CONVERSION = YES;
				GCC_WARN_ABOUT_RETURN_TYPE = YES_ERROR;
				GCC_WARN_UNDECLARED_SELECTOR = YES;
				GCC_WARN_UNINITIALIZED_AUTOS = YES_AGGRESSIVE;
				GCC_WARN_UNUSED_FUNCTION = YES;
				GCC_WARN_UNUSED_VARIABLE = YES;
				IPHONEOS_DEPLOYMENT_TARGET = 15.2;
				MTL_ENABLE_DEBUG_INFO = NO;
				MTL_FAST_MATH = YES;
				SDKROOT = iphoneos;
				SWIFT_COMPILATION_MODE = wholemodule;
				SWIFT_OPTIMIZATION_LEVEL = "-O";
				VALIDATE_PRODUCT = YES;
			};
			name = Release;
		};
		66750A942783ABCC00C373EB /* Debug */ = {
			isa = XCBuildConfiguration;
			baseConfigurationReference = F29E216BD4A4CEBDFC3BC3B7 /* Pods-parstagram.debug.xcconfig */;
			buildSettings = {
				ASSETCATALOG_COMPILER_APPICON_NAME = AppIcon;
				ASSETCATALOG_COMPILER_GLOBAL_ACCENT_COLOR_NAME = AccentColor;
				CODE_SIGN_STYLE = Automatic;
				CURRENT_PROJECT_VERSION = 1;
				DEVELOPMENT_TEAM = 9777FU96LG;
				GENERATE_INFOPLIST_FILE = YES;
				INFOPLIST_FILE = parstagram/Info.plist;
				INFOPLIST_KEY_UIApplicationSupportsIndirectInputEvents = YES;
				INFOPLIST_KEY_UILaunchStoryboardName = LaunchScreen;
				INFOPLIST_KEY_UIMainStoryboardFile = Main;
				INFOPLIST_KEY_UISupportedInterfaceOrientations_iPad = "UIInterfaceOrientationPortrait UIInterfaceOrientationPortraitUpsideDown UIInterfaceOrientationLandscapeLeft UIInterfaceOrientationLandscapeRight";
				INFOPLIST_KEY_UISupportedInterfaceOrientations_iPhone = "UIInterfaceOrientationPortrait UIInterfaceOrientationLandscapeLeft UIInterfaceOrientationLandscapeRight";
				LD_RUNPATH_SEARCH_PATHS = (
					"$(inherited)",
					"@executable_path/Frameworks",
				);
				MARKETING_VERSION = 1.0;
				PRODUCT_BUNDLE_IDENTIFIER = app.wurl.parstagram;
				PRODUCT_NAME = "$(TARGET_NAME)";
				SWIFT_EMIT_LOC_STRINGS = YES;
				SWIFT_VERSION = 5.0;
				TARGETED_DEVICE_FAMILY = "1,2";
			};
			name = Debug;
		};
		66750A952783ABCC00C373EB /* Release */ = {
			isa = XCBuildConfiguration;
			baseConfigurationReference = B58F57CACA3C89301B52503A /* Pods-parstagram.release.xcconfig */;
			buildSettings = {
				ASSETCATALOG_COMPILER_APPICON_NAME = AppIcon;
				ASSETCATALOG_COMPILER_GLOBAL_ACCENT_COLOR_NAME = AccentColor;
				CODE_SIGN_STYLE = Automatic;
				CURRENT_PROJECT_VERSION = 1;
				DEVELOPMENT_TEAM = 9777FU96LG;
				GENERATE_INFOPLIST_FILE = YES;
				INFOPLIST_FILE = parstagram/Info.plist;
				INFOPLIST_KEY_UIApplicationSupportsIndirectInputEvents = YES;
				INFOPLIST_KEY_UILaunchStoryboardName = LaunchScreen;
				INFOPLIST_KEY_UIMainStoryboardFile = Main;
				INFOPLIST_KEY_UISupportedInterfaceOrientations_iPad = "UIInterfaceOrientationPortrait UIInterfaceOrientationPortraitUpsideDown UIInterfaceOrientationLandscapeLeft UIInterfaceOrientationLandscapeRight";
				INFOPLIST_KEY_UISupportedInterfaceOrientations_iPhone = "UIInterfaceOrientationPortrait UIInterfaceOrientationLandscapeLeft UIInterfaceOrientationLandscapeRight";
				LD_RUNPATH_SEARCH_PATHS = (
					"$(inherited)",
					"@executable_path/Frameworks",
				);
				MARKETING_VERSION = 1.0;
				PRODUCT_BUNDLE_IDENTIFIER = app.wurl.parstagram;
				PRODUCT_NAME = "$(TARGET_NAME)";
				SWIFT_EMIT_LOC_STRINGS = YES;
				SWIFT_VERSION = 5.0;
				TARGETED_DEVICE_FAMILY = "1,2";
			};
			name = Release;
		};
		66750A972783ABCC00C373EB /* Debug */ = {
			isa = XCBuildConfiguration;
			baseConfigurationReference = 9684DCAD33D7FF6BFF59EC77 /* Pods-parstagramTests.debug.xcconfig */;
			buildSettings = {
				ALWAYS_EMBED_SWIFT_STANDARD_LIBRARIES = YES;
				BUNDLE_LOADER = "$(TEST_HOST)";
				CODE_SIGN_STYLE = Automatic;
				CURRENT_PROJECT_VERSION = 1;
				DEVELOPMENT_TEAM = 9777FU96LG;
				GENERATE_INFOPLIST_FILE = YES;
				IPHONEOS_DEPLOYMENT_TARGET = 15.2;
				MARKETING_VERSION = 1.0;
				PRODUCT_BUNDLE_IDENTIFIER = app.wurl.parstagramTests;
				PRODUCT_NAME = "$(TARGET_NAME)";
				SWIFT_EMIT_LOC_STRINGS = NO;
				SWIFT_VERSION = 5.0;
				TARGETED_DEVICE_FAMILY = "1,2";
				TEST_HOST = "$(BUILT_PRODUCTS_DIR)/parstagram.app/parstagram";
			};
			name = Debug;
		};
		66750A982783ABCC00C373EB /* Release */ = {
			isa = XCBuildConfiguration;
			baseConfigurationReference = DECEF0615DA3627E0B17704B /* Pods-parstagramTests.release.xcconfig */;
			buildSettings = {
				ALWAYS_EMBED_SWIFT_STANDARD_LIBRARIES = YES;
				BUNDLE_LOADER = "$(TEST_HOST)";
				CODE_SIGN_STYLE = Automatic;
				CURRENT_PROJECT_VERSION = 1;
				DEVELOPMENT_TEAM = 9777FU96LG;
				GENERATE_INFOPLIST_FILE = YES;
				IPHONEOS_DEPLOYMENT_TARGET = 15.2;
				MARKETING_VERSION = 1.0;
				PRODUCT_BUNDLE_IDENTIFIER = app.wurl.parstagramTests;
				PRODUCT_NAME = "$(TARGET_NAME)";
				SWIFT_EMIT_LOC_STRINGS = NO;
				SWIFT_VERSION = 5.0;
				TARGETED_DEVICE_FAMILY = "1,2";
				TEST_HOST = "$(BUILT_PRODUCTS_DIR)/parstagram.app/parstagram";
			};
			name = Release;
		};
		66750A9A2783ABCC00C373EB /* Debug */ = {
			isa = XCBuildConfiguration;
			baseConfigurationReference = 3324C4521413B336823AF700 /* Pods-parstagram-parstagramUITests.debug.xcconfig */;
			buildSettings = {
				ALWAYS_EMBED_SWIFT_STANDARD_LIBRARIES = YES;
				CODE_SIGN_STYLE = Automatic;
				CURRENT_PROJECT_VERSION = 1;
				DEVELOPMENT_TEAM = 9777FU96LG;
				GENERATE_INFOPLIST_FILE = YES;
				MARKETING_VERSION = 1.0;
				PRODUCT_BUNDLE_IDENTIFIER = app.wurl.parstagramUITests;
				PRODUCT_NAME = "$(TARGET_NAME)";
				SWIFT_EMIT_LOC_STRINGS = NO;
				SWIFT_VERSION = 5.0;
				TARGETED_DEVICE_FAMILY = "1,2";
				TEST_TARGET_NAME = parstagram;
			};
			name = Debug;
		};
		66750A9B2783ABCC00C373EB /* Release */ = {
			isa = XCBuildConfiguration;
			baseConfigurationReference = B768C6D3DAC4905DBD97AF6D /* Pods-parstagram-parstagramUITests.release.xcconfig */;
			buildSettings = {
				ALWAYS_EMBED_SWIFT_STANDARD_LIBRARIES = YES;
				CODE_SIGN_STYLE = Automatic;
				CURRENT_PROJECT_VERSION = 1;
				DEVELOPMENT_TEAM = 9777FU96LG;
				GENERATE_INFOPLIST_FILE = YES;
				MARKETING_VERSION = 1.0;
				PRODUCT_BUNDLE_IDENTIFIER = app.wurl.parstagramUITests;
				PRODUCT_NAME = "$(TARGET_NAME)";
				SWIFT_EMIT_LOC_STRINGS = NO;
				SWIFT_VERSION = 5.0;
				TARGETED_DEVICE_FAMILY = "1,2";
				TEST_TARGET_NAME = parstagram;
			};
			name = Release;
		};
/* End XCBuildConfiguration section */

/* Begin XCConfigurationList section */
		66750A642783ABCB00C373EB /* Build configuration list for PBXProject "parstagram" */ = {
			isa = XCConfigurationList;
			buildConfigurations = (
				66750A912783ABCC00C373EB /* Debug */,
				66750A922783ABCC00C373EB /* Release */,
			);
			defaultConfigurationIsVisible = 0;
			defaultConfigurationName = Release;
		};
		66750A932783ABCC00C373EB /* Build configuration list for PBXNativeTarget "parstagram" */ = {
			isa = XCConfigurationList;
			buildConfigurations = (
				66750A942783ABCC00C373EB /* Debug */,
				66750A952783ABCC00C373EB /* Release */,
			);
			defaultConfigurationIsVisible = 0;
			defaultConfigurationName = Release;
		};
		66750A962783ABCC00C373EB /* Build configuration list for PBXNativeTarget "parstagramTests" */ = {
			isa = XCConfigurationList;
			buildConfigurations = (
				66750A972783ABCC00C373EB /* Debug */,
				66750A982783ABCC00C373EB /* Release */,
			);
			defaultConfigurationIsVisible = 0;
			defaultConfigurationName = Release;
		};
		66750A992783ABCC00C373EB /* Build configuration list for PBXNativeTarget "parstagramUITests" */ = {
			isa = XCConfigurationList;
			buildConfigurations = (
				66750A9A2783ABCC00C373EB /* Debug */,
				66750A9B2783ABCC00C373EB /* Release */,
			);
			defaultConfigurationIsVisible = 0;
			defaultConfigurationName = Release;
		};
/* End XCConfigurationList section */
	};
	rootObject = 66750A612783ABCB00C373EB /* Project object */;
}
